
Microsoft Visual Studio Solution File, Format Version 12.00
Project("{FAE04EC0-301F-11D3-BF4B-00C04F79EFBC}") = "Reble.ArduinoRouter", "Reble.ArduinoRouter\Reble.ArduinoRouter.csproj", "{545CE495-72A2-43EA-B7CD-FDDC7EFD05BA}"
EndProject
Project("{FAE04EC0-301F-11D3-BF4B-00C04F79EFBC}") = "Reble.ArduinoRouter.ApiExample", "Reble.ArduinoRouter.ApiExample\Reble.ArduinoRouter.ApiExample.csproj", "{A40E05AD-E419-4C9F-94D5-1E9966B474F2}"
EndProject
Global
	GlobalSection(SolutionConfigurationPlatforms) = preSolution
		Debug|Any CPU = Debug|Any CPU
		Release|Any CPU = Release|Any CPU
	EndGlobalSection
	GlobalSection(ProjectConfigurationPlatforms) = postSolution
		{545CE495-72A2-43EA-B7CD-FDDC7EFD05BA}.Debug|Any CPU.ActiveCfg = Debug|Any CPU
		{545CE495-72A2-43EA-B7CD-FDDC7EFD05BA}.Debug|Any CPU.Build.0 = Debug|Any CPU
		{545CE495-72A2-43EA-B7CD-FDDC7EFD05BA}.Release|Any CPU.ActiveCfg = Release|Any CPU
		{545CE495-72A2-43EA-B7CD-FDDC7EFD05BA}.Release|Any CPU.Build.0 = Release|Any CPU
		{A40E05AD-E419-4C9F-94D5-1E9966B474F2}.Debug|Any CPU.ActiveCfg = Debug|Any CPU
		{A40E05AD-E419-4C9F-94D5-1E9966B474F2}.Debug|Any CPU.Build.0 = Debug|Any CPU
		{A40E05AD-E419-4C9F-94D5-1E9966B474F2}.Release|Any CPU.ActiveCfg = Release|Any CPU
		{A40E05AD-E419-4C9F-94D5-1E9966B474F2}.Release|Any CPU.Build.0 = Release|Any CPU
	EndGlobalSection
EndGlobal
